
Microsoft Visual Studio Solution File, Format Version 12.00
# Visual Studio Version 17
VisualStudioVersion = 17.8.34316.72
MinimumVisualStudioVersion = 10.0.40219.1
Project("{8BC9CEB8-8B4A-11D0-8D11-00A0C91BC942}") = "Lab1 Ex1", "Lab1 Ex1\Lab1 Ex1.vcxproj", "{75767DC2-CAC5-448D-8D2E-0C9AC43DF6E5}"
EndProject
Global
	GlobalSection(SolutionConfigurationPlatforms) = preSolution
		Debug|x64 = Debug|x64
		Debug|x86 = Debug|x86
		Release|x64 = Release|x64
		Release|x86 = Release|x86
	EndGlobalSection
	GlobalSection(ProjectConfigurationPlatforms) = postSolution
		{75767DC2-CAC5-448D-8D2E-0C9AC43DF6E5}.Debug|x64.ActiveCfg = Debug|x64
		{75767DC2-CAC5-448D-8D2E-0C9AC43DF6E5}.Debug|x64.Build.0 = Debug|x64
		{75767DC2-CAC5-448D-8D2E-0C9AC43DF6E5}.Debug|x86.ActiveCfg = Debug|Win32
		{75767DC2-CAC5-448D-8D2E-0C9AC43DF6E5}.Debug|x86.Build.0 = Debug|Win32
		{75767DC2-CAC5-448D-8D2E-0C9AC43DF6E5}.Release|x64.ActiveCfg = Release|x64
		{75767DC2-CAC5-448D-8D2E-0C9AC43DF6E5}.Release|x64.Build.0 = Release|x64
		{75767DC2-CAC5-448D-8D2E-0C9AC43DF6E5}.Release|x86.ActiveCfg = Release|Win32
		{75767DC2-CAC5-448D-8D2E-0C9AC43DF6E5}.Release|x86.Build.0 = Release|Win32
	EndGlobalSection
	GlobalSection(SolutionProperties) = preSolution
		HideSolutionNode = FALSE
	EndGlobalSection
	GlobalSection(ExtensibilityGlobals) = postSolution
		SolutionGuid = {B69FCAB2-840A-4185-8D2A-EC509B572974}
	EndGlobalSection
EndGlobal
